
Microsoft Visual Studio Solution File, Format Version 12.00
# Visual Studio 15
VisualStudioVersion = 15.0.28307.489
MinimumVisualStudioVersion = 10.0.40219.1
Project("{FAE04EC0-301F-11D3-BF4B-00C04F79EFBC}") = "TenDaysTake2.Android", "TenDaysTake2\TenDaysTake2.Android\TenDaysTake2.Android.csproj", "{266B8B08-CC69-461C-918B-2F2B9313918D}"
EndProject
Project("{FAE04EC0-301F-11D3-BF4B-00C04F79EFBC}") = "TenDaysTake2.iOS", "TenDaysTake2\TenDaysTake2.iOS\TenDaysTake2.iOS.csproj", "{8454D883-3E68-4E4E-A9FC-0947C0C810DC}"
EndProject
Project("{9A19103F-16F7-4668-BE54-9A1E7A4F7556}") = "TenDaysTake2", "TenDaysTake2\TenDaysTake2\TenDaysTake2.csproj", "{A5827446-955E-48F6-9FAD-6F9024537986}"
EndProject
Project("{2150E333-8FDC-42A3-9474-1A3956D46DE8}") = "Solution Items", "Solution Items", "{D7F33959-76B6-4F4C-999A-5B2B391F0B92}"
	ProjectSection(SolutionItems) = preProject
		README.md = README.md
	EndProjectSection
EndProject
Global
	GlobalSection(SolutionConfigurationPlatforms) = preSolution
		Ad-Hoc|Any CPU = Ad-Hoc|Any CPU
		Ad-Hoc|ARM = Ad-Hoc|ARM
		Ad-Hoc|iPhone = Ad-Hoc|iPhone
		Ad-Hoc|iPhoneSimulator = Ad-Hoc|iPhoneSimulator
		Ad-Hoc|x64 = Ad-Hoc|x64
		Ad-Hoc|x86 = Ad-Hoc|x86
		AppStore|Any CPU = AppStore|Any CPU
		AppStore|ARM = AppStore|ARM
		AppStore|iPhone = AppStore|iPhone
		AppStore|iPhoneSimulator = AppStore|iPhoneSimulator
		AppStore|x64 = AppStore|x64
		AppStore|x86 = AppStore|x86
		Debug|Any CPU = Debug|Any CPU
		Debug|ARM = Debug|ARM
		Debug|iPhone = Debug|iPhone
		Debug|iPhoneSimulator = Debug|iPhoneSimulator
		Debug|x64 = Debug|x64
		Debug|x86 = Debug|x86
		Release|Any CPU = Release|Any CPU
		Release|ARM = Release|ARM
		Release|iPhone = Release|iPhone
		Release|iPhoneSimulator = Release|iPhoneSimulator
		Release|x64 = Release|x64
		Release|x86 = Release|x86
	EndGlobalSection
	GlobalSection(ProjectConfigurationPlatforms) = postSolution
		{266B8B08-CC69-461C-918B-2F2B9313918D}.Ad-Hoc|Any CPU.ActiveCfg = Release|Any CPU
		{266B8B08-CC69-461C-918B-2F2B9313918D}.Ad-Hoc|Any CPU.Build.0 = Release|Any CPU
		{266B8B08-CC69-461C-918B-2F2B9313918D}.Ad-Hoc|Any CPU.Deploy.0 = Release|Any CPU
		{266B8B08-CC69-461C-918B-2F2B9313918D}.Ad-Hoc|ARM.ActiveCfg = Release|Any CPU
		{266B8B08-CC69-461C-918B-2F2B9313918D}.Ad-Hoc|ARM.Build.0 = Release|Any CPU
		{266B8B08-CC69-461C-918B-2F2B9313918D}.Ad-Hoc|ARM.Deploy.0 = Release|Any CPU
		{266B8B08-CC69-461C-918B-2F2B9313918D}.Ad-Hoc|iPhone.ActiveCfg = Release|Any CPU
		{266B8B08-CC69-461C-918B-2F2B9313918D}.Ad-Hoc|iPhone.Build.0 = Release|Any CPU
		{266B8B08-CC69-461C-918B-2F2B9313918D}.Ad-Hoc|iPhone.Deploy.0 = Release|Any CPU
		{266B8B08-CC69-461C-918B-2F2B9313918D}.Ad-Hoc|iPhoneSimulator.ActiveCfg = Release|Any CPU
		{266B8B08-CC69-461C-918B-2F2B9313918D}.Ad-Hoc|iPhoneSimulator.Build.0 = Release|Any CPU
		{266B8B08-CC69-461C-918B-2F2B9313918D}.Ad-Hoc|iPhoneSimulator.Deploy.0 = Release|Any CPU
		{266B8B08-CC69-461C-918B-2F2B9313918D}.Ad-Hoc|x64.ActiveCfg = Release|Any CPU
		{266B8B08-CC69-461C-918B-2F2B9313918D}.Ad-Hoc|x64.Build.0 = Release|Any CPU
		{266B8B08-CC69-461C-918B-2F2B9313918D}.Ad-Hoc|x64.Deploy.0 = Release|Any CPU
		{266B8B08-CC69-461C-918B-2F2B9313918D}.Ad-Hoc|x86.ActiveCfg = Release|Any CPU
		{266B8B08-CC69-461C-918B-2F2B9313918D}.Ad-Hoc|x86.Build.0 = Release|Any CPU
		{266B8B08-CC69-461C-918B-2F2B9313918D}.Ad-Hoc|x86.Deploy.0 = Release|Any CPU
		{266B8B08-CC69-461C-918B-2F2B9313918D}.AppStore|Any CPU.ActiveCfg = Release|Any CPU
		{266B8B08-CC69-461C-918B-2F2B9313918D}.AppStore|Any CPU.Build.0 = Release|Any CPU
		{266B8B08-CC69-461C-918B-2F2B9313918D}.AppStore|Any CPU.Deploy.0 = Release|Any CPU
		{266B8B08-CC69-461C-918B-2F2B9313918D}.AppStore|ARM.ActiveCfg = Release|Any CPU
		{266B8B08-CC69-461C-918B-2F2B9313918D}.AppStore|ARM.Build.0 = Release|Any CPU
		{266B8B08-CC69-461C-918B-2F2B9313918D}.AppStore|ARM.Deploy.0 = Release|Any CPU
		{266B8B08-CC69-461C-918B-2F2B9313918D}.AppStore|iPhone.ActiveCfg = Release|Any CPU
		{266B8B08-CC69-461C-918B-2F2B9313918D}.AppStore|iPhone.Build.0 = Release|Any CPU
		{266B8B08-CC69-461C-918B-2F2B9313918D}.AppStore|iPhone.Deploy.0 = Release|Any CPU
		{266B8B08-CC69-461C-918B-2F2B9313918D}.AppStore|iPhoneSimulator.ActiveCfg = Release|Any CPU
		{266B8B08-CC69-461C-918B-2F2B9313918D}.AppStore|iPhoneSimulator.Build.0 = Release|Any CPU
		{266B8B08-CC69-461C-918B-2F2B9313918D}.AppStore|iPhoneSimulator.Deploy.0 = Release|Any CPU
		{266B8B08-CC69-461C-918B-2F2B9313918D}.AppStore|x64.ActiveCfg = Release|Any CPU
		{266B8B08-CC69-461C-918B-2F2B9313918D}.AppStore|x64.Build.0 = Release|Any CPU
		{266B8B08-CC69-461C-918B-2F2B9313918D}.AppStore|x64.Deploy.0 = Release|Any CPU
		{266B8B08-CC69-461C-918B-2F2B9313918D}.AppStore|x86.ActiveCfg = Release|Any CPU
		{266B8B08-CC69-461C-918B-2F2B9313918D}.AppStore|x86.Build.0 = Release|Any CPU
		{266B8B08-CC69-461C-918B-2F2B9313918D}.AppStore|x86.Deploy.0 = Release|Any CPU
		{266B8B08-CC69-461C-918B-2F2B9313918D}.Debug|Any CPU.ActiveCfg = Debug|Any CPU
		{266B8B08-CC69-461C-918B-2F2B9313918D}.Debug|Any CPU.Build.0 = Debug|Any CPU
		{266B8B08-CC69-461C-918B-2F2B9313918D}.Debug|Any CPU.Deploy.0 = Debug|Any CPU
		{266B8B08-CC69-461C-918B-2F2B9313918D}.Debug|ARM.ActiveCfg = Debug|Any CPU
		{266B8B08-CC69-461C-918B-2F2B9313918D}.Debug|ARM.Build.0 = Debug|Any CPU
		{266B8B08-CC69-461C-918B-2F2B9313918D}.Debug|ARM.Deploy.0 = Debug|Any CPU
		{266B8B08-CC69-461C-918B-2F2B9313918D}.Debug|iPhone.ActiveCfg = Debug|Any CPU
		{266B8B08-CC69-461C-918B-2F2B9313918D}.Debug|iPhone.Build.0 = Debug|Any CPU
		{266B8B08-CC69-461C-918B-2F2B9313918D}.Debug|iPhone.Deploy.0 = Debug|Any CPU
		{266B8B08-CC69-461C-918B-2F2B9313918D}.Debug|iPhoneSimulator.ActiveCfg = Debug|Any CPU
		{266B8B08-CC69-461C-918B-2F2B9313918D}.Debug|iPhoneSimulator.Build.0 = Debug|Any CPU
		{266B8B08-CC69-461C-918B-2F2B9313918D}.Debug|iPhoneSimulator.Deploy.0 = Debug|Any CPU
		{266B8B08-CC69-461C-918B-2F2B9313918D}.Debug|x64.ActiveCfg = Debug|Any CPU
		{266B8B08-CC69-461C-918B-2F2B9313918D}.Debug|x64.Build.0 = Debug|Any CPU
		{266B8B08-CC69-461C-918B-2F2B9313918D}.Debug|x64.Deploy.0 = Debug|Any CPU
		{266B8B08-CC69-461C-918B-2F2B9313918D}.Debug|x86.ActiveCfg = Debug|Any CPU
		{266B8B08-CC69-461C-918B-2F2B9313918D}.Debug|x86.Build.0 = Debug|Any CPU
		{266B8B08-CC69-461C-918B-2F2B9313918D}.Debug|x86.Deploy.0 = Debug|Any CPU
		{266B8B08-CC69-461C-918B-2F2B9313918D}.Release|Any CPU.ActiveCfg = Release|Any CPU
		{266B8B08-CC69-461C-918B-2F2B9313918D}.Release|Any CPU.Build.0 = Release|Any CPU
		{266B8B08-CC69-461C-918B-2F2B9313918D}.Release|Any CPU.Deploy.0 = Release|Any CPU
		{266B8B08-CC69-461C-918B-2F2B9313918D}.Release|ARM.ActiveCfg = Release|Any CPU
		{266B8B08-CC69-461C-918B-2F2B9313918D}.Release|ARM.Build.0 = Release|Any CPU
		{266B8B08-CC69-461C-918B-2F2B9313918D}.Release|ARM.Deploy.0 = Release|Any CPU
		{266B8B08-CC69-461C-918B-2F2B9313918D}.Release|iPhone.ActiveCfg = Release|Any CPU
		{266B8B08-CC69-461C-918B-2F2B9313918D}.Release|iPhone.Build.0 = Release|Any CPU
		{266B8B08-CC69-461C-918B-2F2B9313918D}.Release|iPhone.Deploy.0 = Release|Any CPU
		{266B8B08-CC69-461C-918B-2F2B9313918D}.Release|iPhoneSimulator.ActiveCfg = Release|Any CPU
		{266B8B08-CC69-461C-918B-2F2B9313918D}.Release|iPhoneSimulator.Build.0 = Release|Any CPU
		{266B8B08-CC69-461C-918B-2F2B9313918D}.Release|iPhoneSimulator.Deploy.0 = Release|Any CPU
		{266B8B08-CC69-461C-918B-2F2B9313918D}.Release|x64.ActiveCfg = Release|Any CPU
		{266B8B08-CC69-461C-918B-2F2B9313918D}.Release|x64.Build.0 = Release|Any CPU
		{266B8B08-CC69-461C-918B-2F2B9313918D}.Release|x64.Deploy.0 = Release|Any CPU
		{266B8B08-CC69-461C-918B-2F2B9313918D}.Release|x86.ActiveCfg = Release|Any CPU
		{266B8B08-CC69-461C-918B-2F2B9313918D}.Release|x86.Build.0 = Release|Any CPU
		{266B8B08-CC69-461C-918B-2F2B9313918D}.Release|x86.Deploy.0 = Release|Any CPU
		{8454D883-3E68-4E4E-A9FC-0947C0C810DC}.Ad-Hoc|Any CPU.ActiveCfg = Ad-Hoc|iPhone
		{8454D883-3E68-4E4E-A9FC-0947C0C810DC}.Ad-Hoc|Any CPU.Build.0 = Ad-Hoc|iPhone
		{8454D883-3E68-4E4E-A9FC-0947C0C810DC}.Ad-Hoc|Any CPU.Deploy.0 = Ad-Hoc|iPhone
		{8454D883-3E68-4E4E-A9FC-0947C0C810DC}.Ad-Hoc|ARM.ActiveCfg = Ad-Hoc|iPhone
		{8454D883-3E68-4E4E-A9FC-0947C0C810DC}.Ad-Hoc|ARM.Build.0 = Ad-Hoc|iPhone
		{8454D883-3E68-4E4E-A9FC-0947C0C810DC}.Ad-Hoc|ARM.Deploy.0 = Ad-Hoc|iPhone
		{8454D883-3E68-4E4E-A9FC-0947C0C810DC}.Ad-Hoc|iPhone.ActiveCfg = Ad-Hoc|iPhone
		{8454D883-3E68-4E4E-A9FC-0947C0C810DC}.Ad-Hoc|iPhone.Build.0 = Ad-Hoc|iPhone
		{8454D883-3E68-4E4E-A9FC-0947C0C810DC}.Ad-Hoc|iPhone.Deploy.0 = Ad-Hoc|iPhone
		{8454D883-3E68-4E4E-A9FC-0947C0C810DC}.Ad-Hoc|iPhoneSimulator.ActiveCfg = Ad-Hoc|iPhoneSimulator
		{8454D883-3E68-4E4E-A9FC-0947C0C810DC}.Ad-Hoc|iPhoneSimulator.Build.0 = Ad-Hoc|iPhoneSimulator
		{8454D883-3E68-4E4E-A9FC-0947C0C810DC}.Ad-Hoc|iPhoneSimulator.Deploy.0 = Ad-Hoc|iPhoneSimulator
		{8454D883-3E68-4E4E-A9FC-0947C0C810DC}.Ad-Hoc|x64.ActiveCfg = Ad-Hoc|iPhone
		{8454D883-3E68-4E4E-A9FC-0947C0C810DC}.Ad-Hoc|x64.Build.0 = Ad-Hoc|iPhone
		{8454D883-3E68-4E4E-A9FC-0947C0C810DC}.Ad-Hoc|x64.Deploy.0 = Ad-Hoc|iPhone
		{8454D883-3E68-4E4E-A9FC-0947C0C810DC}.Ad-Hoc|x86.ActiveCfg = Ad-Hoc|iPhone
		{8454D883-3E68-4E4E-A9FC-0947C0C810DC}.Ad-Hoc|x86.Build.0 = Ad-Hoc|iPhone
		{8454D883-3E68-4E4E-A9FC-0947C0C810DC}.Ad-Hoc|x86.Deploy.0 = Ad-Hoc|iPhone
		{8454D883-3E68-4E4E-A9FC-0947C0C810DC}.AppStore|Any CPU.ActiveCfg = AppStore|iPhone
		{8454D883-3E68-4E4E-A9FC-0947C0C810DC}.AppStore|Any CPU.Build.0 = AppStore|iPhone
		{8454D883-3E68-4E4E-A9FC-0947C0C810DC}.AppStore|Any CPU.Deploy.0 = AppStore|iPhone
		{8454D883-3E68-4E4E-A9FC-0947C0C810DC}.AppStore|ARM.ActiveCfg = AppStore|iPhone
		{8454D883-3E68-4E4E-A9FC-0947C0C810DC}.AppStore|ARM.Build.0 = AppStore|iPhone
		{8454D883-3E68-4E4E-A9FC-0947C0C810DC}.AppStore|ARM.Deploy.0 = AppStore|iPhone
		{8454D883-3E68-4E4E-A9FC-0947C0C810DC}.AppStore|iPhone.ActiveCfg = AppStore|iPhone
		{8454D883-3E68-4E4E-A9FC-0947C0C810DC}.AppStore|iPhone.Build.0 = AppStore|iPhone
		{8454D883-3E68-4E4E-A9FC-0947C0C810DC}.AppStore|iPhone.Deploy.0 = AppStore|iPhone
		{8454D883-3E68-4E4E-A9FC-0947C0C810DC}.AppStore|iPhoneSimulator.ActiveCfg = AppStore|iPhoneSimulator
		{8454D883-3E68-4E4E-A9FC-0947C0C810DC}.AppStore|iPhoneSimulator.Build.0 = AppStore|iPhoneSimulator
		{8454D883-3E68-4E4E-A9FC-0947C0C810DC}.AppStore|iPhoneSimulator.Deploy.0 = AppStore|iPhoneSimulator
		{8454D883-3E68-4E4E-A9FC-0947C0C810DC}.AppStore|x64.ActiveCfg = AppStore|iPhone
		{8454D883-3E68-4E4E-A9FC-0947C0C810DC}.AppStore|x64.Build.0 = AppStore|iPhone
		{8454D883-3E68-4E4E-A9FC-0947C0C810DC}.AppStore|x64.Deploy.0 = AppStore|iPhone
		{8454D883-3E68-4E4E-A9FC-0947C0C810DC}.AppStore|x86.ActiveCfg = AppStore|iPhone
		{8454D883-3E68-4E4E-A9FC-0947C0C810DC}.AppStore|x86.Build.0 = AppStore|iPhone
		{8454D883-3E68-4E4E-A9FC-0947C0C810DC}.AppStore|x86.Deploy.0 = AppStore|iPhone
		{8454D883-3E68-4E4E-A9FC-0947C0C810DC}.Debug|Any CPU.ActiveCfg = Debug|iPhoneSimulator
		{8454D883-3E68-4E4E-A9FC-0947C0C810DC}.Debug|Any CPU.Build.0 = Debug|iPhoneSimulator
		{8454D883-3E68-4E4E-A9FC-0947C0C810DC}.Debug|Any CPU.Deploy.0 = Debug|iPhoneSimulator
		{8454D883-3E68-4E4E-A9FC-0947C0C810DC}.Debug|ARM.ActiveCfg = Debug|iPhone
		{8454D883-3E68-4E4E-A9FC-0947C0C810DC}.Debug|ARM.Build.0 = Debug|iPhone
		{8454D883-3E68-4E4E-A9FC-0947C0C810DC}.Debug|ARM.Deploy.0 = Debug|iPhone
		{8454D883-3E68-4E4E-A9FC-0947C0C810DC}.Debug|iPhone.ActiveCfg = Debug|iPhone
		{8454D883-3E68-4E4E-A9FC-0947C0C810DC}.Debug|iPhone.Build.0 = Debug|iPhone
		{8454D883-3E68-4E4E-A9FC-0947C0C810DC}.Debug|iPhone.Deploy.0 = Debug|iPhone
		{8454D883-3E68-4E4E-A9FC-0947C0C810DC}.Debug|iPhoneSimulator.ActiveCfg = Debug|iPhoneSimulator
		{8454D883-3E68-4E4E-A9FC-0947C0C810DC}.Debug|iPhoneSimulator.Build.0 = Debug|iPhoneSimulator
		{8454D883-3E68-4E4E-A9FC-0947C0C810DC}.Debug|iPhoneSimulator.Deploy.0 = Debug|iPhoneSimulator
		{8454D883-3E68-4E4E-A9FC-0947C0C810DC}.Debug|x64.ActiveCfg = Debug|iPhone
		{8454D883-3E68-4E4E-A9FC-0947C0C810DC}.Debug|x64.Build.0 = Debug|iPhone
		{8454D883-3E68-4E4E-A9FC-0947C0C810DC}.Debug|x64.Deploy.0 = Debug|iPhone
		{8454D883-3E68-4E4E-A9FC-0947C0C810DC}.Debug|x86.ActiveCfg = Debug|iPhone
		{8454D883-3E68-4E4E-A9FC-0947C0C810DC}.Debug|x86.Build.0 = Debug|iPhone
		{8454D883-3E68-4E4E-A9FC-0947C0C810DC}.Debug|x86.Deploy.0 = Debug|iPhone
		{8454D883-3E68-4E4E-A9FC-0947C0C810DC}.Release|Any CPU.ActiveCfg = Release|iPhone
		{8454D883-3E68-4E4E-A9FC-0947C0C810DC}.Release|Any CPU.Build.0 = Release|iPhone
		{8454D883-3E68-4E4E-A9FC-0947C0C810DC}.Release|Any CPU.Deploy.0 = Release|iPhone
		{8454D883-3E68-4E4E-A9FC-0947C0C810DC}.Release|ARM.ActiveCfg = Release|iPhone
		{8454D883-3E68-4E4E-A9FC-0947C0C810DC}.Release|ARM.Build.0 = Release|iPhone
		{8454D883-3E68-4E4E-A9FC-0947C0C810DC}.Release|ARM.Deploy.0 = Release|iPhone
		{8454D883-3E68-4E4E-A9FC-0947C0C810DC}.Release|iPhone.ActiveCfg = Release|iPhone
		{8454D883-3E68-4E4E-A9FC-0947C0C810DC}.Release|iPhone.Build.0 = Release|iPhone
		{8454D883-3E68-4E4E-A9FC-0947C0C810DC}.Release|iPhone.Deploy.0 = Release|iPhone
		{8454D883-3E68-4E4E-A9FC-0947C0C810DC}.Release|iPhoneSimulator.ActiveCfg = Release|iPhoneSimulator
		{8454D883-3E68-4E4E-A9FC-0947C0C810DC}.Release|iPhoneSimulator.Build.0 = Release|iPhoneSimulator
		{8454D883-3E68-4E4E-A9FC-0947C0C810DC}.Release|iPhoneSimulator.Deploy.0 = Release|iPhoneSimulator
		{8454D883-3E68-4E4E-A9FC-0947C0C810DC}.Release|x64.ActiveCfg = Release|iPhone
		{8454D883-3E68-4E4E-A9FC-0947C0C810DC}.Release|x64.Build.0 = Release|iPhone
		{8454D883-3E68-4E4E-A9FC-0947C0C810DC}.Release|x64.Deploy.0 = Release|iPhone
		{8454D883-3E68-4E4E-A9FC-0947C0C810DC}.Release|x86.ActiveCfg = Release|iPhone
		{8454D883-3E68-4E4E-A9FC-0947C0C810DC}.Release|x86.Build.0 = Release|iPhone
		{8454D883-3E68-4E4E-A9FC-0947C0C810DC}.Release|x86.Deploy.0 = Release|iPhone
		{A5827446-955E-48F6-9FAD-6F9024537986}.Ad-Hoc|Any CPU.ActiveCfg = Debug|Any CPU
		{A5827446-955E-48F6-9FAD-6F9024537986}.Ad-Hoc|Any CPU.Build.0 = Debug|Any CPU
		{A5827446-955E-48F6-9FAD-6F9024537986}.Ad-Hoc|Any CPU.Deploy.0 = Debug|Any CPU
		{A5827446-955E-48F6-9FAD-6F9024537986}.Ad-Hoc|ARM.ActiveCfg = Debug|Any CPU
		{A5827446-955E-48F6-9FAD-6F9024537986}.Ad-Hoc|ARM.Build.0 = Debug|Any CPU
		{A5827446-955E-48F6-9FAD-6F9024537986}.Ad-Hoc|ARM.Deploy.0 = Debug|Any CPU
		{A5827446-955E-48F6-9FAD-6F9024537986}.Ad-Hoc|iPhone.ActiveCfg = Debug|Any CPU
		{A5827446-955E-48F6-9FAD-6F9024537986}.Ad-Hoc|iPhone.Build.0 = Debug|Any CPU
		{A5827446-955E-48F6-9FAD-6F9024537986}.Ad-Hoc|iPhone.Deploy.0 = Debug|Any CPU
		{A5827446-955E-48F6-9FAD-6F9024537986}.Ad-Hoc|iPhoneSimulator.ActiveCfg = Debug|Any CPU
		{A5827446-955E-48F6-9FAD-6F9024537986}.Ad-Hoc|iPhoneSimulator.Build.0 = Debug|Any CPU
		{A5827446-955E-48F6-9FAD-6F9024537986}.Ad-Hoc|iPhoneSimulator.Deploy.0 = Debug|Any CPU
		{A5827446-955E-48F6-9FAD-6F9024537986}.Ad-Hoc|x64.ActiveCfg = Debug|Any CPU
		{A5827446-955E-48F6-9FAD-6F9024537986}.Ad-Hoc|x64.Build.0 = Debug|Any CPU
		{A5827446-955E-48F6-9FAD-6F9024537986}.Ad-Hoc|x64.Deploy.0 = Debug|Any CPU
		{A5827446-955E-48F6-9FAD-6F9024537986}.Ad-Hoc|x86.ActiveCfg = Debug|Any CPU
		{A5827446-955E-48F6-9FAD-6F9024537986}.Ad-Hoc|x86.Build.0 = Debug|Any CPU
		{A5827446-955E-48F6-9FAD-6F9024537986}.Ad-Hoc|x86.Deploy.0 = Debug|Any CPU
		{A5827446-955E-48F6-9FAD-6F9024537986}.AppStore|Any CPU.ActiveCfg = Debug|Any CPU
		{A5827446-955E-48F6-9FAD-6F9024537986}.AppStore|Any CPU.Build.0 = Debug|Any CPU
		{A5827446-955E-48F6-9FAD-6F9024537986}.AppStore|Any CPU.Deploy.0 = Debug|Any CPU
		{A5827446-955E-48F6-9FAD-6F9024537986}.AppStore|ARM.ActiveCfg = Debug|Any CPU
		{A5827446-955E-48F6-9FAD-6F9024537986}.AppStore|ARM.Build.0 = Debug|Any CPU
		{A5827446-955E-48F6-9FAD-6F9024537986}.AppStore|ARM.Deploy.0 = Debug|Any CPU
		{A5827446-955E-48F6-9FAD-6F9024537986}.AppStore|iPhone.ActiveCfg = Debug|Any CPU
		{A5827446-955E-48F6-9FAD-6F9024537986}.AppStore|iPhone.Build.0 = Debug|Any CPU
		{A5827446-955E-48F6-9FAD-6F9024537986}.AppStore|iPhone.Deploy.0 = Debug|Any CPU
		{A5827446-955E-48F6-9FAD-6F9024537986}.AppStore|iPhoneSimulator.ActiveCfg = Debug|Any CPU
		{A5827446-955E-48F6-9FAD-6F9024537986}.AppStore|iPhoneSimulator.Build.0 = Debug|Any CPU
		{A5827446-955E-48F6-9FAD-6F9024537986}.AppStore|iPhoneSimulator.Deploy.0 = Debug|Any CPU
		{A5827446-955E-48F6-9FAD-6F9024537986}.AppStore|x64.ActiveCfg = Debug|Any CPU
		{A5827446-955E-48F6-9FAD-6F9024537986}.AppStore|x64.Build.0 = Debug|Any CPU
		{A5827446-955E-48F6-9FAD-6F9024537986}.AppStore|x64.Deploy.0 = Debug|Any CPU
		{A5827446-955E-48F6-9FAD-6F9024537986}.AppStore|x86.ActiveCfg = Debug|Any CPU
		{A5827446-955E-48F6-9FAD-6F9024537986}.AppStore|x86.Build.0 = Debug|Any CPU
		{A5827446-955E-48F6-9FAD-6F9024537986}.AppStore|x86.Deploy.0 = Debug|Any CPU
		{A5827446-955E-48F6-9FAD-6F9024537986}.Debug|Any CPU.ActiveCfg = Debug|Any CPU
		{A5827446-955E-48F6-9FAD-6F9024537986}.Debug|Any CPU.Build.0 = Debug|Any CPU
		{A5827446-955E-48F6-9FAD-6F9024537986}.Debug|Any CPU.Deploy.0 = Debug|Any CPU
		{A5827446-955E-48F6-9FAD-6F9024537986}.Debug|ARM.ActiveCfg = Debug|Any CPU
		{A5827446-955E-48F6-9FAD-6F9024537986}.Debug|ARM.Build.0 = Debug|Any CPU
		{A5827446-955E-48F6-9FAD-6F9024537986}.Debug|ARM.Deploy.0 = Debug|Any CPU
		{A5827446-955E-48F6-9FAD-6F9024537986}.Debug|iPhone.ActiveCfg = Debug|Any CPU
		{A5827446-955E-48F6-9FAD-6F9024537986}.Debug|iPhone.Build.0 = Debug|Any CPU
		{A5827446-955E-48F6-9FAD-6F9024537986}.Debug|iPhone.Deploy.0 = Debug|Any CPU
		{A5827446-955E-48F6-9FAD-6F9024537986}.Debug|iPhoneSimulator.ActiveCfg = Debug|Any CPU
		{A5827446-955E-48F6-9FAD-6F9024537986}.Debug|iPhoneSimulator.Build.0 = Debug|Any CPU
		{A5827446-955E-48F6-9FAD-6F9024537986}.Debug|iPhoneSimulator.Deploy.0 = Debug|Any CPU
		{A5827446-955E-48F6-9FAD-6F9024537986}.Debug|x64.ActiveCfg = Debug|Any CPU
		{A5827446-955E-48F6-9FAD-6F9024537986}.Debug|x64.Build.0 = Debug|Any CPU
		{A5827446-955E-48F6-9FAD-6F9024537986}.Debug|x64.Deploy.0 = Debug|Any CPU
		{A5827446-955E-48F6-9FAD-6F9024537986}.Debug|x86.ActiveCfg = Debug|Any CPU
		{A5827446-955E-48F6-9FAD-6F9024537986}.Debug|x86.Build.0 = Debug|Any CPU
		{A5827446-955E-48F6-9FAD-6F9024537986}.Debug|x86.Deploy.0 = Debug|Any CPU
		{A5827446-955E-48F6-9FAD-6F9024537986}.Release|Any CPU.ActiveCfg = Release|Any CPU
		{A5827446-955E-48F6-9FAD-6F9024537986}.Release|Any CPU.Build.0 = Release|Any CPU
		{A5827446-955E-48F6-9FAD-6F9024537986}.Release|Any CPU.Deploy.0 = Release|Any CPU
		{A5827446-955E-48F6-9FAD-6F9024537986}.Release|ARM.ActiveCfg = Release|Any CPU
		{A5827446-955E-48F6-9FAD-6F9024537986}.Release|ARM.Build.0 = Release|Any CPU
		{A5827446-955E-48F6-9FAD-6F9024537986}.Release|ARM.Deploy.0 = Release|Any CPU
		{A5827446-955E-48F6-9FAD-6F9024537986}.Release|iPhone.ActiveCfg = Release|Any CPU
		{A5827446-955E-48F6-9FAD-6F9024537986}.Release|iPhone.Build.0 = Release|Any CPU
		{A5827446-955E-48F6-9FAD-6F9024537986}.Release|iPhone.Deploy.0 = Release|Any CPU
		{A5827446-955E-48F6-9FAD-6F9024537986}.Release|iPhoneSimulator.ActiveCfg = Release|Any CPU
		{A5827446-955E-48F6-9FAD-6F9024537986}.Release|iPhoneSimulator.Build.0 = Release|Any CPU
		{A5827446-955E-48F6-9FAD-6F9024537986}.Release|iPhoneSimulator.Deploy.0 = Release|Any CPU
		{A5827446-955E-48F6-9FAD-6F9024537986}.Release|x64.ActiveCfg = Release|Any CPU
		{A5827446-955E-48F6-9FAD-6F9024537986}.Release|x64.Build.0 = Release|Any CPU
		{A5827446-955E-48F6-9FAD-6F9024537986}.Release|x64.Deploy.0 = Release|Any CPU
		{A5827446-955E-48F6-9FAD-6F9024537986}.Release|x86.ActiveCfg = Release|Any CPU
		{A5827446-955E-48F6-9FAD-6F9024537986}.Release|x86.Build.0 = Release|Any CPU
		{A5827446-955E-48F6-9FAD-6F9024537986}.Release|x86.Deploy.0 = Release|Any CPU
	EndGlobalSection
	GlobalSection(SolutionProperties) = preSolution
		HideSolutionNode = FALSE
	EndGlobalSection
	GlobalSection(ExtensibilityGlobals) = postSolution
		SolutionGuid = {DD64F5D9-DE02-4E0F-976B-B4F7BEFE2FF4}
	EndGlobalSection
EndGlobal
